{
  "markbot": "6af92bba1092948628133d95303c0a5dede40508b520a023c941f118c46c0403",
  "css/main.css": "49d7ddd861debaf09c30b1da745dd2c5f21a666b3252b61fb4bc2a36a38a2c94",
  "index-608.png": "98f78878ac1607ba0a6d298a3f3c13e00dda98cbbc038a34b38afc88d1c49178",
  "index-960.png": "d80c6cd3e8401f65a922256cd3b4743d5abc53735d098365b9648df139de3c1e",
  "index-1440.png": "32630a5487dce3056e10199000b3c4aff9388f7349f3c09ea1e2918b198d13a8"
}